
Microsoft Visual Studio Solution File, Format Version 12.00
# Visual Studio 15
VisualStudioVersion = 15.0.28010.2046
MinimumVisualStudioVersion = 10.0.40219.1
Project("{FAE04EC0-301F-11D3-BF4B-00C04F79EFBC}") = "DependencyAnalyzer", "DependencyAnalyzer\DependencyAnalyzer.csproj", "{D14E9D1B-26CF-45B5-AB0F-2D1A5210B479}"
EndProject
Global
	GlobalSection(SolutionConfigurationPlatforms) = preSolution
		Debug|Any CPU = Debug|Any CPU
		Release|Any CPU = Release|Any CPU
	EndGlobalSection
	GlobalSection(ProjectConfigurationPlatforms) = postSolution
		{D14E9D1B-26CF-45B5-AB0F-2D1A5210B479}.Debug|Any CPU.ActiveCfg = Debug|Any CPU
		{D14E9D1B-26CF-45B5-AB0F-2D1A5210B479}.Debug|Any CPU.Build.0 = Debug|Any CPU
		{D14E9D1B-26CF-45B5-AB0F-2D1A5210B479}.Release|Any CPU.ActiveCfg = Release|Any CPU
		{D14E9D1B-26CF-45B5-AB0F-2D1A5210B479}.Release|Any CPU.Build.0 = Release|Any CPU
	EndGlobalSection
	GlobalSection(SolutionProperties) = preSolution
		HideSolutionNode = FALSE
	EndGlobalSection
	GlobalSection(ExtensibilityGlobals) = postSolution
		SolutionGuid = {4B45E4C3-6700-4F2A-8F6D-93B690AF805E}
	EndGlobalSection
EndGlobal
